{
    "_meta": {
        "hash": {
            "sha256": "c209e70dc5550e994b9b4d0f200528e4b0597f71d14ffbde5fc39029f97b3914"
        },
        "pipfile-spec": 6,
        "requires": {
            "python_version": "3.10"
        },
        "sources": [
            {
                "name": "pypi",
                "url": "https://pypi.org/simple",
                "verify_ssl": true
            }
        ]
    },
    "default": {
        "blessed": {
            "hashes": [
                "sha256:63b8554ae2e0e7f43749b6715c734cc8f3883010a809bf16790102563e6cf25b",
                "sha256:9a0d099695bf621d4680dd6c73f6ad547f6a3442fbdbe80c4b1daa1edbc492fc"
            ],
            "index": "pypi",
            "version": "==1.19.1"
        },
        "mkname": {
            "hashes": [
                "sha256:f4f7c8cc37b3342df2756d27a583ce4799c0723bec86bf242a5ee962e33025d8",
                "sha256:f7d7bffa5492a626f92c0260d0fd838b60b19c01ce1abd87b99e61026fcd02e2"
            ],
            "index": "pypi",
            "version": "==0.1.0"
        },
        "six": {
            "hashes": [
                "sha256:1e61c37477a1626458e36f7b1d82aa5c9b094fa4802892072e49de9c60c4c926",
                "sha256:8abb2f1d86890a2dfb989f9a77cfcfd3e47c2a354b01111771326f8aa26e0254"
            ],
            "markers": "python_version >= '2.7' and python_version not in '3.0, 3.1, 3.2, 3.3'",
            "version": "==1.16.0"
        },
        "wcwidth": {
            "hashes": [
                "sha256:beb4802a9cebb9144e99086eff703a642a13d6a0052920003a230f3294bbe784",
                "sha256:c4d647b99872929fdb7bdcaa4fbe7f01413ed3d98077df798530e5b04f116c83"
            ],
            "version": "==0.2.5"
        },
        "yadr": {
            "hashes": [
                "sha256:69b3223bf19fd23c7e7feb3fed3baf7e7738632f4896af158bd51b705b305d80",
                "sha256:f98722fabea0d15434ff8adb9e508a93dec127df13eb20adb3efd2b34e496943"
            ],
            "markers": "python_version >= '3.10'",
            "version": "==0.1.1"
        }
    },
    "develop": {
        "click": {
            "hashes": [
                "sha256:7682dc8afb30297001674575ea00d1814d808d6a36af415a82bd481d37ba7b8e",
                "sha256:bb4d8133cb15a609f44e8213d9b391b0809795062913b383c62be0ee95b1db48"
            ],
            "markers": "python_version >= '3.7'",
            "version": "==8.1.3"
        },
        "colorama": {
            "hashes": [
                "sha256:854bf444933e37f5824ae7bfc1e98d5bce2ebe4160d46b5edf346a89358e99da",
                "sha256:e6c6b4334fc50988a639d9b98aa429a0b57da6e17b9a44f0451f930b6967b7a4"
            ],
            "version": "==0.4.5"
        },
        "docutils": {
            "hashes": [
                "sha256:23010f129180089fbcd3bc08cfefccb3b890b0050e1ca00c867036e9d161b98c",
                "sha256:679987caf361a7539d76e584cbeddc311e3aee937877c87346f31debc63e9d06"
            ],
            "markers": "python_version >= '2.7' and python_version not in '3.0, 3.1, 3.2, 3.3, 3.4'",
            "version": "==0.18.1"
        },
        "mypy": {
            "hashes": [
                "sha256:02ef476f6dcb86e6f502ae39a16b93285fef97e7f1ff22932b657d1ef1f28655",
                "sha256:0d054ef16b071149917085f51f89555a576e2618d5d9dd70bd6eea6410af3ac9",
                "sha256:19830b7dba7d5356d3e26e2427a2ec91c994cd92d983142cbd025ebe81d69cf3",
                "sha256:1f7656b69974a6933e987ee8ffb951d836272d6c0f81d727f1d0e2696074d9e6",
                "sha256:23488a14a83bca6e54402c2e6435467a4138785df93ec85aeff64c6170077fb0",
                "sha256:23c7ff43fff4b0df93a186581885c8512bc50fc4d4910e0f838e35d6bb6b5e58",
                "sha256:25c5750ba5609a0c7550b73a33deb314ecfb559c350bb050b655505e8aed4103",
                "sha256:2ad53cf9c3adc43cf3bea0a7d01a2f2e86db9fe7596dfecb4496a5dda63cbb09",
                "sha256:3fa7a477b9900be9b7dd4bab30a12759e5abe9586574ceb944bc29cddf8f0417",
                "sha256:40b0f21484238269ae6a57200c807d80debc6459d444c0489a102d7c6a75fa56",
                "sha256:4b21e5b1a70dfb972490035128f305c39bc4bc253f34e96a4adf9127cf943eb2",
                "sha256:5a361d92635ad4ada1b1b2d3630fc2f53f2127d51cf2def9db83cba32e47c856",
                "sha256:77a514ea15d3007d33a9e2157b0ba9c267496acf12a7f2b9b9f8446337aac5b0",
                "sha256:855048b6feb6dfe09d3353466004490b1872887150c5bb5caad7838b57328cc8",
                "sha256:9796a2ba7b4b538649caa5cecd398d873f4022ed2333ffde58eaf604c4d2cb27",
                "sha256:98e02d56ebe93981c41211c05adb630d1d26c14195d04d95e49cd97dbc046dc5",
                "sha256:b793b899f7cf563b1e7044a5c97361196b938e92f0a4343a5d27966a53d2ec71",
                "sha256:d1ea5d12c8e2d266b5fb8c7a5d2e9c0219fedfeb493b7ed60cd350322384ac27",
                "sha256:d2022bfadb7a5c2ef410d6a7c9763188afdb7f3533f22a0a32be10d571ee4bbe",
                "sha256:d3348e7eb2eea2472db611486846742d5d52d1290576de99d59edeb7cd4a42ca",
                "sha256:d744f72eb39f69312bc6c2abf8ff6656973120e2eb3f3ec4f758ed47e414a4bf",
                "sha256:ef943c72a786b0f8d90fd76e9b39ce81fb7171172daf84bf43eaf937e9f220a9",
                "sha256:f2899a3cbd394da157194f913a931edfd4be5f274a88041c9dc2d9cdcb1c315c"
            ],
            "index": "pypi",
            "version": "==0.971"
        },
        "mypy-extensions": {
            "hashes": [
                "sha256:090fedd75945a69ae91ce1303b5824f428daf5a028d2f6ab8a299250a846f15d",
                "sha256:2d82818f5bb3e369420cb3c4060a7970edba416647068eb4c5343488a6c604a8"
            ],
            "version": "==0.4.3"
        },
        "pycodestyle": {
            "hashes": [
                "sha256:289cdc0969d589d90752582bef6dff57c5fbc6949ee8b013ad6d6449a8ae9437",
                "sha256:beaba44501f89d785be791c9462553f06958a221d166c64e1f107320f839acc2"
            ],
            "index": "pypi",
            "version": "==2.9.0"
        },
        "pydantic": {
            "hashes": [
                "sha256:02eefd7087268b711a3ff4db528e9916ac9aa18616da7bca69c1871d0b7a091f",
                "sha256:059b6c1795170809103a1538255883e1983e5b831faea6558ef873d4955b4a74",
                "sha256:0bf07cab5b279859c253d26a9194a8906e6f4a210063b84b433cf90a569de0c1",
                "sha256:1542636a39c4892c4f4fa6270696902acb186a9aaeac6f6cf92ce6ae2e88564b",
                "sha256:177071dfc0df6248fd22b43036f936cfe2508077a72af0933d0c1fa269b18537",
                "sha256:18f3e912f9ad1bdec27fb06b8198a2ccc32f201e24174cec1b3424dda605a310",
                "sha256:1dd8fecbad028cd89d04a46688d2fcc14423e8a196d5b0a5c65105664901f810",
                "sha256:1ed987c3ff29fff7fd8c3ea3a3ea877ad310aae2ef9889a119e22d3f2db0691a",
                "sha256:447d5521575f18e18240906beadc58551e97ec98142266e521c34968c76c8761",
                "sha256:494f7c8537f0c02b740c229af4cb47c0d39840b829ecdcfc93d91dcbb0779892",
                "sha256:4988c0f13c42bfa9ddd2fe2f569c9d54646ce84adc5de84228cfe83396f3bd58",
                "sha256:4ce9ae9e91f46c344bec3b03d6ee9612802682c1551aaf627ad24045ce090761",
                "sha256:5d93d4e95eacd313d2c765ebe40d49ca9dd2ed90e5b37d0d421c597af830c195",
                "sha256:61b6760b08b7c395975d893e0b814a11cf011ebb24f7d869e7118f5a339a82e1",
                "sha256:72ccb318bf0c9ab97fc04c10c37683d9eea952ed526707fabf9ac5ae59b701fd",
                "sha256:79b485767c13788ee314669008d01f9ef3bc05db9ea3298f6a50d3ef596a154b",
                "sha256:7eb57ba90929bac0b6cc2af2373893d80ac559adda6933e562dcfb375029acee",
                "sha256:8bc541a405423ce0e51c19f637050acdbdf8feca34150e0d17f675e72d119580",
                "sha256:969dd06110cb780da01336b281f53e2e7eb3a482831df441fb65dd30403f4608",
                "sha256:985ceb5d0a86fcaa61e45781e567a59baa0da292d5ed2e490d612d0de5796918",
                "sha256:9bcf8b6e011be08fb729d110f3e22e654a50f8a826b0575c7196616780683380",
                "sha256:9ce157d979f742a915b75f792dbd6aa63b8eccaf46a1005ba03aa8a986bde34a",
                "sha256:9f659a5ee95c8baa2436d392267988fd0f43eb774e5eb8739252e5a7e9cf07e0",
                "sha256:a4a88dcd6ff8fd47c18b3a3709a89adb39a6373f4482e04c1b765045c7e282fd",
                "sha256:a955260d47f03df08acf45689bd163ed9df82c0e0124beb4251b1290fa7ae728",
                "sha256:a9af62e9b5b9bc67b2a195ebc2c2662fdf498a822d62f902bf27cccb52dbbf49",
                "sha256:ae72f8098acb368d877b210ebe02ba12585e77bd0db78ac04a1ee9b9f5dd2166",
                "sha256:b83ba3825bc91dfa989d4eed76865e71aea3a6ca1388b59fc801ee04c4d8d0d6",
                "sha256:c11951b404e08b01b151222a1cb1a9f0a860a8153ce8334149ab9199cd198131",
                "sha256:c320c64dd876e45254bdd350f0179da737463eea41c43bacbee9d8c9d1021f11",
                "sha256:c8098a724c2784bf03e8070993f6d46aa2eeca031f8d8a048dff277703e6e193",
                "sha256:d12f96b5b64bec3f43c8e82b4aab7599d0157f11c798c9f9c528a72b9e0b339a",
                "sha256:e565a785233c2d03724c4dc55464559639b1ba9ecf091288dd47ad9c629433bd",
                "sha256:f0f047e11febe5c3198ed346b507e1d010330d56ad615a7e0a89fae604065a0e",
                "sha256:fe4670cb32ea98ffbf5a1262f14c3e102cccd92b1869df3bb09538158ba90fe6"
            ],
            "markers": "python_full_version >= '3.6.1'",
            "version": "==1.9.1"
        },
        "rstcheck": {
            "hashes": [
                "sha256:2f69b972c682fbb6618e969273962f77c4307d6900e013b4d74f674f13fc81cb",
                "sha256:c5230cbb25d0db9c7d27a1a04e0dfe047220206f5e79e11f0110aa82f564399c"
            ],
            "index": "pypi",
            "version": "==6.0.0.post1"
        },
        "rstcheck-core": {
            "hashes": [
                "sha256:6d75e858441644b9a0ad7a89a6c0a9012920be7dc4fad34f95579ae2a97a2d5e",
                "sha256:b06bee11f3679b283cbd6abf707bfe4d5fd2cf480cfa3ffe6d5c9238c6d4ae89"
            ],
            "markers": "python_version >= '3.7' and python_version < '4.0'",
            "version": "==1.0.2"
        },
        "shellingham": {
            "hashes": [
                "sha256:4855c2458d6904829bd34c299f11fdeed7cfefbf8a2c522e4caea6cd76b3171e",
                "sha256:536b67a0697f2e4af32ab176c00a50ac2899c5a05e0d8e2dadac8e58888283f9"
            ],
            "version": "==1.4.0"
        },
        "tomli": {
            "hashes": [
                "sha256:939de3e7a6161af0c887ef91b7d41a53e7c5a1ca976325f429cb46ea9bc30ecc",
                "sha256:de526c12914f0c550d15924c62d72abc48d6fe7364aa87328337a31007fe8a4f"
            ],
            "markers": "python_version < '3.11'",
            "version": "==2.0.1"
        },
        "typer": {
            "extras": [
                "all"
            ],
            "hashes": [
                "sha256:023bae00d1baf358a6cc7cea45851639360bb716de687b42b0a4641cd99173f1",
                "sha256:b8261c6c0152dd73478b5ba96ba677e5d6948c715c310f7c91079f311f62ec03"
            ],
            "markers": "python_version >= '3.6'",
            "version": "==0.4.2"
        },
        "types-docutils": {
            "hashes": [
                "sha256:a0ef831dc20635f350fa9cff591231c31d27e75771e59fd6c979b6c0c7e03292",
                "sha256:b54b6fd599914093a5aab08dbf1cba96eb107cdeb4210bbe4ccd233fe3a71d9b"
            ],
            "version": "==0.18.3"
        },
        "typing-extensions": {
            "hashes": [
                "sha256:25642c956049920a5aa49edcdd6ab1e06d7e5d467fc00e0506c44ac86fbfca02",
                "sha256:e6d2677a32f47fc7eb2795db1dd15c1f34eff616bcaf2cfb5e997f854fa1c4a6"
            ],
            "markers": "python_version >= '3.7'",
            "version": "==4.3.0"
        }
    }
}
